// !$*UTF8*$!
{
	archiveVersion = 1;
	classes = {
	};
	objectVersion = 56;
	objects = {

/* Begin PBXBuildFile section */
		F7E465472B340C5F00A7116C /* P_r_RutApp.swift in Sources */ = {isa = PBXBuildFile; fileRef = F7E465462B340C5F00A7116C /* P_r_RutApp.swift */; };
		F7E465492B340C5F00A7116C /* MeetingView.swift in Sources */ = {isa = PBXBuildFile; fileRef = F7E465482B340C5F00A7116C /* MeetingView.swift */; };
		F7E4654E2B340C6400A7116C /* Preview Assets.xcassets in Resources */ = {isa = PBXBuildFile; fileRef = F7E4654D2B340C6400A7116C /* Preview Assets.xcassets */; };
		F7E465552B340DBE00A7116C /* h0g@r.swift in Sources */ = {isa = PBXBuildFile; fileRef = F7E465542B340DBD00A7116C /* h0g@r.swift */; };
		F7E465572B341CA300A7116C /* Dai1yScr.swift in Sources */ = {isa = PBXBuildFile; fileRef = F7E465562B341CA300A7116C /* Dai1yScr.swift */; };
		F7E465592B341D6D00A7116C /* Theme.swift in Sources */ = {isa = PBXBuildFile; fileRef = F7E465582B341D6D00A7116C /* Theme.swift */; };
		F7E4655B2B341F7A00A7116C /* ScrView.swift in Sources */ = {isa = PBXBuildFile; fileRef = F7E4655A2B341F7A00A7116C /* ScrView.swift */; };
		F7E4655D2B3421E900A7116C /* CardView.swift in Sources */ = {isa = PBXBuildFile; fileRef = F7E4655C2B3421E900A7116C /* CardView.swift */; };
		F7E4655F2B34338000A7116C /* Assets.xcassets in Resources */ = {isa = PBXBuildFile; fileRef = F7E4655E2B34338000A7116C /* Assets.xcassets */; };
/* End PBXBuildFile section */

/* Begin PBXFileReference section */
		F7E465432B340C5F00A7116C /* P@r@Rut.app */ = {isa = PBXFileReference; explicitFileType = wrapper.application; includeInIndex = 0; path = "P@r@Rut.app"; sourceTree = BUILT_PRODUCTS_DIR; };
		F7E465462B340C5F00A7116C /* P_r_RutApp.swift */ = {isa = PBXFileReference; lastKnownFileType = sourcecode.swift; path = P_r_RutApp.swift; sourceTree = "<group>"; };
		F7E465482B340C5F00A7116C /* MeetingView.swift */ = {isa = PBXFileReference; lastKnownFileType = sourcecode.swift; path = MeetingView.swift; sourceTree = "<group>"; };
		F7E4654D2B340C6400A7116C /* Preview Assets.xcassets */ = {isa = PBXFileReference; lastKnownFileType = folder.assetcatalog; path = "Preview Assets.xcassets"; sourceTree = "<group>"; };
		F7E465542B340DBD00A7116C /* h0g@r.swift */ = {isa = PBXFileReference; lastKnownFileType = sourcecode.swift; path = "h0g@r.swift"; sourceTree = "<group>"; };
		F7E465562B341CA300A7116C /* Dai1yScr.swift */ = {isa = PBXFileReference; lastKnownFileType = sourcecode.swift; path = Dai1yScr.swift; sourceTree = "<group>"; };
		F7E465582B341D6D00A7116C /* Theme.swift */ = {isa = PBXFileReference; lastKnownFileType = sourcecode.swift; path = Theme.swift; sourceTree = "<group>"; };
		F7E4655A2B341F7A00A7116C /* ScrView.swift */ = {isa = PBXFileReference; lastKnownFileType = sourcecode.swift; path = ScrView.swift; sourceTree = "<group>"; };
		F7E4655C2B3421E900A7116C /* CardView.swift */ = {isa = PBXFileReference; lastKnownFileType = sourcecode.swift; path = CardView.swift; sourceTree = "<group>"; usesTabs = 0; };
		F7E4655E2B34338000A7116C /* Assets.xcassets */ = {isa = PBXFileReference; lastKnownFileType = folder.assetcatalog; path = Assets.xcassets; sourceTree = "<group>"; };
/* End PBXFileReference section */

/* Begin PBXFrameworksBuildPhase section */
		F7E465402B340C5F00A7116C /* Frameworks */ = {
			isa = PBXFrameworksBuildPhase;
			buildActionMask = 2147483647;
			files = (
			);
			runOnlyForDeploymentPostprocessing = 0;
		};
/* End PBXFrameworksBuildPhase section */

/* Begin PBXGroup section */
		F7E4653A2B340C5F00A7116C = {
			isa = PBXGroup;
			children = (
				F7E4655E2B34338000A7116C /* Assets.xcassets */,
				F7E4655C2B3421E900A7116C /* CardView.swift */,
				F7E4655A2B341F7A00A7116C /* ScrView.swift */,
				F7E465582B341D6D00A7116C /* Theme.swift */,
				F7E465562B341CA300A7116C /* Dai1yScr.swift */,
				F7E465542B340DBD00A7116C /* h0g@r.swift */,
				F7E465452B340C5F00A7116C /* P@r@Rut */,
				F7E465442B340C5F00A7116C /* Products */,
			);
			sourceTree = "<group>";
		};
		F7E465442B340C5F00A7116C /* Products */ = {
			isa = PBXGroup;
			children = (
				F7E465432B340C5F00A7116C /* P@r@Rut.app */,
			);
			name = Products;
			sourceTree = "<group>";
		};
		F7E465452B340C5F00A7116C /* P@r@Rut */ = {
			isa = PBXGroup;
			children = (
				F7E465462B340C5F00A7116C /* P_r_RutApp.swift */,
				F7E465482B340C5F00A7116C /* MeetingView.swift */,
				F7E4654C2B340C6400A7116C /* Preview Content */,
			);
			path = "P@r@Rut";
			sourceTree = "<group>";
		};
		F7E4654C2B340C6400A7116C /* Preview Content */ = {
			isa = PBXGroup;
			children = (
				F7E4654D2B340C6400A7116C /* Preview Assets.xcassets */,
			);
			path = "Preview Content";
			sourceTree = "<group>";
		};
/* End PBXGroup section */

/* Begin PBXNativeTarget section */
		F7E465422B340C5F00A7116C /* P@r@Rut */ = {
			isa = PBXNativeTarget;
			buildConfigurationList = F7E465512B340C6400A7116C /* Build configuration list for PBXNativeTarget "P@r@Rut" */;
			buildPhases = (
				F7E4653F2B340C5F00A7116C /* Sources */,
				F7E465402B340C5F00A7116C /* Frameworks */,
				F7E465412B340C5F00A7116C /* Resources */,
			);
			buildRules = (
			);
			dependencies = (
			);
			name = "P@r@Rut";
			productName = "P@r@Rut";
			productReference = F7E465432B340C5F00A7116C /* P@r@Rut.app */;
			productType = "com.apple.product-type.application";
		};
/* End PBXNativeTarget section */

/* Begin PBXProject section */
		F7E4653B2B340C5F00A7116C /* Project object */ = {
			isa = PBXProject;
			attributes = {
				BuildIndependentTargetsInParallel = 1;
				LastSwiftUpdateCheck = 1400;
				LastUpgradeCheck = 1400;
				TargetAttributes = {
					F7E465422B340C5F00A7116C = {
						CreatedOnToolsVersion = 14.0;
					};
				};
			};
			buildConfigurationList = F7E4653E2B340C5F00A7116C /* Build configuration list for PBXProject "P@r@Rut" */;
			compatibilityVersion = "Xcode 14.0";
			developmentRegion = en;
			hasScannedForEncodings = 0;
			knownRegions = (
				en,
				Base,
			);
			mainGroup = F7E4653A2B340C5F00A7116C;
			productRefGroup = F7E465442B340C5F00A7116C /* Products */;
			projectDirPath = "";
			projectRoot = "";
			targets = (
				F7E465422B340C5F00A7116C /* P@r@Rut */,
			);
		};
/* End PBXProject section */

/* Begin PBXResourcesBuildPhase section */
		F7E465412B340C5F00A7116C /* Resources */ = {
			isa = PBXResourcesBuildPhase;
			buildActionMask = 2147483647;
			files = (
				F7E4655F2B34338000A7116C /* Assets.xcassets in Resources */,
				F7E4654E2B340C6400A7116C /* Preview Assets.xcassets in Resources */,
			);
			runOnlyForDeploymentPostprocessing = 0;
		};
/* End PBXResourcesBuildPhase section */

/* Begin PBXSourcesBuildPhase section */
		F7E4653F2B340C5F00A7116C /* Sources */ = {
			isa = PBXSourcesBuildPhase;
			buildActionMask = 2147483647;
			files = (
				F7E4655D2B3421E900A7116C /* CardView.swift in Sources */,
				F7E465492B340C5F00A7116C /* MeetingView.swift in Sources */,
				F7E465572B341CA300A7116C /* Dai1yScr.swift in Sources */,
				F7E465592B341D6D00A7116C /* Theme.swift in Sources */,
				F7E465552B340DBE00A7116C /* h0g@r.swift in Sources */,
				F7E465472B340C5F00A7116C /* P_r_RutApp.swift in Sources */,
				F7E4655B2B341F7A00A7116C /* ScrView.swift in Sources */,
			);
			runOnlyForDeploymentPostprocessing = 0;
		};
/* End PBXSourcesBuildPhase section */

/* Begin XCBuildConfiguration section */
		F7E4654F2B340C6400A7116C /* Debug */ = {
			isa = XCBuildConfiguration;
			buildSettings = {
				ALWAYS_SEARCH_USER_PATHS = NO;
				CLANG_ANALYZER_NONNULL = YES;
				CLANG_ANALYZER_NUMBER_OBJECT_CONVERSION = YES_AGGRESSIVE;
				CLANG_CXX_LANGUAGE_STANDARD = "gnu++20";
				CLANG_ENABLE_MODULES = YES;
				CLANG_ENABLE_OBJC_ARC = YES;
				CLANG_ENABLE_OBJC_WEAK = YES;
				CLANG_WARN_BLOCK_CAPTURE_AUTORELEASING = YES;
				CLANG_WARN_BOOL_CONVERSION = YES;
				CLANG_WARN_COMMA = YES;
				CLANG_WARN_CONSTANT_CONVERSION = YES;
				CLANG_WARN_DEPRECATED_OBJC_IMPLEMENTATIONS = YES;
				CLANG_WARN_DIRECT_OBJC_ISA_USAGE = YES_ERROR;
				CLANG_WARN_DOCUMENTATION_COMMENTS = YES;
				CLANG_WARN_EMPTY_BODY = YES;
				CLANG_WARN_ENUM_CONVERSION = YES;
				CLANG_WARN_INFINITE_RECURSION = YES;
				CLANG_WARN_INT_CONVERSION = YES;
				CLANG_WARN_NON_LITERAL_NULL_CONVERSION = YES;
				CLANG_WARN_OBJC_IMPLICIT_RETAIN_SELF = YES;
				CLANG_WARN_OBJC_LITERAL_CONVERSION = YES;
				CLANG_WARN_OBJC_ROOT_CLASS = YES_ERROR;
				CLANG_WARN_QUOTED_INCLUDE_IN_FRAMEWORK_HEADER = YES;
				CLANG_WARN_RANGE_LOOP_ANALYSIS = YES;
				CLANG_WARN_STRICT_PROTOTYPES = YES;
				CLANG_WARN_SUSPICIOUS_MOVE = YES;
				CLANG_WARN_UNGUARDED_AVAILABILITY = YES_AGGRESSIVE;
				CLANG_WARN_UNREACHABLE_CODE = YES;
				CLANG_WARN__DUPLICATE_METHOD_MATCH = YES;
				COPY_PHASE_STRIP = NO;
				DEBUG_INFORMATION_FORMAT = dwarf;
				ENABLE_STRICT_OBJC_MSGSEND = YES;
				ENABLE_TESTABILITY = YES;
				GCC_C_LANGUAGE_STANDARD = gnu11;
				GCC_DYNAMIC_NO_PIC = NO;
				GCC_NO_COMMON_BLOCKS = YES;
				GCC_OPTIMIZATION_LEVEL = 0;
				GCC_PREPROCESSOR_DEFINITIONS = (
					"DEBUG=1",
					"$(inherited)",
				);
				GCC_WARN_64_TO_32_BIT_CONVERSION = YES;
				GCC_WARN_ABOUT_RETURN_TYPE = YES_ERROR;
				GCC_WARN_UNDECLARED_SELECTOR = YES;
				GCC_WARN_UNINITIALIZED_AUTOS = YES_AGGRESSIVE;
				GCC_WARN_UNUSED_FUNCTION = YES;
				GCC_WARN_UNUSED_VARIABLE = YES;
				IPHONEOS_DEPLOYMENT_TARGET = 16.0;
				MTL_ENABLE_DEBUG_INFO = INCLUDE_SOURCE;
				MTL_FAST_MATH = YES;
				ONLY_ACTIVE_ARCH = YES;
				SDKROOT = iphoneos;
				SWIFT_ACTIVE_COMPILATION_CONDITIONS = DEBUG;
				SWIFT_OPTIMIZATION_LEVEL = "-Onone";
			};
			name = Debug;
		};
		F7E465502B340C6400A7116C /* Release */ = {
			isa = XCBuildConfiguration;
			buildSettings = {
				ALWAYS_SEARCH_USER_PATHS = NO;
				CLANG_ANALYZER_NONNULL = YES;
				CLANG_ANALYZER_NUMBER_OBJECT_CONVERSION = YES_AGGRESSIVE;
				CLANG_CXX_LANGUAGE_STANDARD = "gnu++20";
				CLANG_ENABLE_MODULES = YES;
				CLANG_ENABLE_OBJC_ARC = YES;
				CLANG_ENABLE_OBJC_WEAK = YES;
				CLANG_WARN_BLOCK_CAPTURE_AUTORELEASING = YES;
				CLANG_WARN_BOOL_CONVERSION = YES;
				CLANG_WARN_COMMA = YES;
				CLANG_WARN_CONSTANT_CONVERSION = YES;
				CLANG_WARN_DEPRECATED_OBJC_IMPLEMENTATIONS = YES;
				CLANG_WARN_DIRECT_OBJC_ISA_USAGE = YES_ERROR;
				CLANG_WARN_DOCUMENTATION_COMMENTS = YES;
				CLANG_WARN_EMPTY_BODY = YES;
				CLANG_WARN_ENUM_CONVERSION = YES;
				CLANG_WARN_INFINITE_RECURSION = YES;
				CLANG_WARN_INT_CONVERSION = YES;
				CLANG_WARN_NON_LITERAL_NULL_CONVERSION = YES;
				CLANG_WARN_OBJC_IMPLICIT_RETAIN_SELF = YES;
				CLANG_WARN_OBJC_LITERAL_CONVERSION = YES;
				CLANG_WARN_OBJC_ROOT_CLASS = YES_ERROR;
				CLANG_WARN_QUOTED_INCLUDE_IN_FRAMEWORK_HEADER = YES;
				CLANG_WARN_RANGE_LOOP_ANALYSIS = YES;
				CLANG_WARN_STRICT_PROTOTYPES = YES;
				CLANG_WARN_SUSPICIOUS_MOVE = YES;
				CLANG_WARN_UNGUARDED_AVAILABILITY = YES_AGGRESSIVE;
				CLANG_WARN_UNREACHABLE_CODE = YES;
				CLANG_WARN__DUPLICATE_METHOD_MATCH = YES;
				COPY_PHASE_STRIP = NO;
				DEBUG_INFORMATION_FORMAT = "dwarf-with-dsym";
				ENABLE_NS_ASSERTIONS = NO;
				ENABLE_STRICT_OBJC_MSGSEND = YES;
				GCC_C_LANGUAGE_STANDARD = gnu11;
				GCC_NO_COMMON_BLOCKS = YES;
				GCC_WARN_64_TO_32_BIT_CONVERSION = YES;
				GCC_WARN_ABOUT_RETURN_TYPE = YES_ERROR;
				GCC_WARN_UNDECLARED_SELECTOR = YES;
				GCC_WARN_UNINITIALIZED_AUTOS = YES_AGGRESSIVE;
				GCC_WARN_UNUSED_FUNCTION = YES;
				GCC_WARN_UNUSED_VARIABLE = YES;
				IPHONEOS_DEPLOYMENT_TARGET = 16.0;
				MTL_ENABLE_DEBUG_INFO = NO;
				MTL_FAST_MATH = YES;
				SDKROOT = iphoneos;
				SWIFT_COMPILATION_MODE = wholemodule;
				SWIFT_OPTIMIZATION_LEVEL = "-O";
				VALIDATE_PRODUCT = YES;
			};
			name = Release;
		};
		F7E465522B340C6400A7116C /* Debug */ = {
			isa = XCBuildConfiguration;
			buildSettings = {
				ASSETCATALOG_COMPILER_APPICON_NAME = AppIcon;
				ASSETCATALOG_COMPILER_GLOBAL_ACCENT_COLOR_NAME = AccentColor;
				CODE_SIGN_STYLE = Automatic;
				CURRENT_PROJECT_VERSION = 1;
				DEVELOPMENT_ASSET_PATHS = "\"P@r@Rut/Preview Content\"";
				ENABLE_PREVIEWS = YES;
				GENERATE_INFOPLIST_FILE = YES;
				INFOPLIST_KEY_UIApplicationSceneManifest_Generation = YES;
				INFOPLIST_KEY_UIApplicationSupportsIndirectInputEvents = YES;
				INFOPLIST_KEY_UILaunchScreen_Generation = YES;
				INFOPLIST_KEY_UISupportedInterfaceOrientations_iPad = "UIInterfaceOrientationPortrait UIInterfaceOrientationPortraitUpsideDown UIInterfaceOrientationLandscapeLeft UIInterfaceOrientationLandscapeRight";
				INFOPLIST_KEY_UISupportedInterfaceOrientations_iPhone = "UIInterfaceOrientationPortrait UIInterfaceOrientationLandscapeLeft UIInterfaceOrientationLandscapeRight";
				LD_RUNPATH_SEARCH_PATHS = (
					"$(inherited)",
					"@executable_path/Frameworks",
				);
				MARKETING_VERSION = 1.0;
				PRODUCT_BUNDLE_IDENTIFIER = "---.P-r-Rut";
				PRODUCT_NAME = "$(TARGET_NAME)";
				SWIFT_EMIT_LOC_STRINGS = YES;
				SWIFT_VERSION = 5.0;
				TARGETED_DEVICE_FAMILY = "1,2";
			};
			name = Debug;
		};
		F7E465532B340C6400A7116C /* Release */ = {
			isa = XCBuildConfiguration;
			buildSettings = {
				ASSETCATALOG_COMPILER_APPICON_NAME = AppIcon;
				ASSETCATALOG_COMPILER_GLOBAL_ACCENT_COLOR_NAME = AccentColor;
				CODE_SIGN_STYLE = Automatic;
				CURRENT_PROJECT_VERSION = 1;
				DEVELOPMENT_ASSET_PATHS = "\"P@r@Rut/Preview Content\"";
				ENABLE_PREVIEWS = YES;
				GENERATE_INFOPLIST_FILE = YES;
				INFOPLIST_KEY_UIApplicationSceneManifest_Generation = YES;
				INFOPLIST_KEY_UIApplicationSupportsIndirectInputEvents = YES;
				INFOPLIST_KEY_UILaunchScreen_Generation = YES;
				INFOPLIST_KEY_UISupportedInterfaceOrientations_iPad = "UIInterfaceOrientationPortrait UIInterfaceOrientationPortraitUpsideDown UIInterfaceOrientationLandscapeLeft UIInterfaceOrientationLandscapeRight";
				INFOPLIST_KEY_UISupportedInterfaceOrientations_iPhone = "UIInterfaceOrientationPortrait UIInterfaceOrientationLandscapeLeft UIInterfaceOrientationLandscapeRight";
				LD_RUNPATH_SEARCH_PATHS = (
					"$(inherited)",
					"@executable_path/Frameworks",
				);
				MARKETING_VERSION = 1.0;
				PRODUCT_BUNDLE_IDENTIFIER = "---.P-r-Rut";
				PRODUCT_NAME = "$(TARGET_NAME)";
				SWIFT_EMIT_LOC_STRINGS = YES;
				SWIFT_VERSION = 5.0;
				TARGETED_DEVICE_FAMILY = "1,2";
			};
			name = Release;
		};
/* End XCBuildConfiguration section */

/* Begin XCConfigurationList section */
		F7E4653E2B340C5F00A7116C /* Build configuration list for PBXProject "P@r@Rut" */ = {
			isa = XCConfigurationList;
			buildConfigurations = (
				F7E4654F2B340C6400A7116C /* Debug */,
				F7E465502B340C6400A7116C /* Release */,
			);
			defaultConfigurationIsVisible = 0;
			defaultConfigurationName = Release;
		};
		F7E465512B340C6400A7116C /* Build configuration list for PBXNativeTarget "P@r@Rut" */ = {
			isa = XCConfigurationList;
			buildConfigurations = (
				F7E465522B340C6400A7116C /* Debug */,
				F7E465532B340C6400A7116C /* Release */,
			);
			defaultConfigurationIsVisible = 0;
			defaultConfigurationName = Release;
		};
/* End XCConfigurationList section */
	};
	rootObject = F7E4653B2B340C5F00A7116C /* Project object */;
}
